{
    "_meta": {
        "hash": {
            "sha256": "e30640dd82956909a337b8a7aa6e5b880f549ef17750d500fd1a971d23555fa8"
        },
        "pipfile-spec": 6,
        "requires": {
            "python_version": "3.8"
        },
        "sources": [
            {
                "name": "pypi",
                "url": "https://pypi.org/simple",
                "verify_ssl": true
            }
        ]
    },
    "default": {
        "8c468b7": {
            "file": "https://github.com/explosion/spacy-models/releases/download/en_core_web_sm-2.2.0/en_core_web_sm-2.2.0.tar.gz"
        }
    },
    "develop": {}
}
